
Microsoft Visual Studio Solution File, Format Version 12.00
# Visual Studio Version 17
VisualStudioVersion = 17.4.33213.308
MinimumVisualStudioVersion = 10.0.40219.1
Project("{FAE04EC0-301F-11D3-BF4B-00C04F79EFBC}") = "MMPATHS", "MMPATHS\MMPATHS.csproj", "{B0EF1056-467C-4E45-A887-E9CB94CEABCF}"
EndProject
Global
	GlobalSection(SolutionConfigurationPlatforms) = preSolution
		Debug|Any CPU = Debug|Any CPU
		Release|Any CPU = Release|Any CPU
	EndGlobalSection
	GlobalSection(ProjectConfigurationPlatforms) = postSolution
		{B0EF1056-467C-4E45-A887-E9CB94CEABCF}.Debug|Any CPU.ActiveCfg = Debug|Any CPU
		{B0EF1056-467C-4E45-A887-E9CB94CEABCF}.Debug|Any CPU.Build.0 = Debug|Any CPU
		{B0EF1056-467C-4E45-A887-E9CB94CEABCF}.Release|Any CPU.ActiveCfg = Release|Any CPU
		{B0EF1056-467C-4E45-A887-E9CB94CEABCF}.Release|Any CPU.Build.0 = Release|Any CPU
	EndGlobalSection
	GlobalSection(SolutionProperties) = preSolution
		HideSolutionNode = FALSE
	EndGlobalSection
	GlobalSection(ExtensibilityGlobals) = postSolution
		SolutionGuid = {D0157561-2F00-48DE-9F01-97C4B8F0713B}
	EndGlobalSection
EndGlobal
